// !$*UTF8*$!
{
	archiveVersion = 1;
	classes = {
	};
	objectVersion = 77;
	objects = {

/* Begin PBXBuildFile section */
		971EAD322F7097B2006D2662 /* RevenueCat in Frameworks */ = {isa = PBXBuildFile; productRef = 971EAD342F7097B2006D2662 /* RevenueCat */; };
		971EAD332F7097B2006D2662 /* RevenueCatUI in Frameworks */ = {isa = PBXBuildFile; productRef = 971EAD352F7097B2006D2662 /* RevenueCatUI */; };
		977D71612F6CB6E90009D589 /* RevenueCat in Frameworks */ = {isa = PBXBuildFile; productRef = 977D71602F6CB6E90009D589 /* RevenueCat */; };
		977D71632F6CB6E90009D589 /* RevenueCatUI in Frameworks */ = {isa = PBXBuildFile; productRef = 977D71622F6CB6E90009D589 /* RevenueCatUI */; };
/* End PBXBuildFile section */

/* Begin PBXContainerItemProxy section */
		971EAD182F7097B2006D2662 /* PBXContainerItemProxy */ = {
			isa = PBXContainerItemProxy;
			containerPortal = 9752E00A2F6704A700CBF252 /* Project object */;
			proxyType = 1;
			remoteGlobalIDString = 971EAD082F7097B1006D2662;
			remoteInfo = Flowline_iOS;
		};
		971EAD222F7097B2006D2662 /* PBXContainerItemProxy */ = {
			isa = PBXContainerItemProxy;
			containerPortal = 9752E00A2F6704A700CBF252 /* Project object */;
			proxyType = 1;
			remoteGlobalIDString = 971EAD082F7097B1006D2662;
			remoteInfo = Flowline_iOS;
		};
		9752E0222F6704A800CBF252 /* PBXContainerItemProxy */ = {
			isa = PBXContainerItemProxy;
			containerPortal = 9752E00A2F6704A700CBF252 /* Project object */;
			proxyType = 1;
			remoteGlobalIDString = 9752E0112F6704A700CBF252;
			remoteInfo = Flowline;
		};
		9752E02C2F6704A800CBF252 /* PBXContainerItemProxy */ = {
			isa = PBXContainerItemProxy;
			containerPortal = 9752E00A2F6704A700CBF252 /* Project object */;
			proxyType = 1;
			remoteGlobalIDString = 9752E0112F6704A700CBF252;
			remoteInfo = Flowline;
		};
/* End PBXContainerItemProxy section */

/* Begin PBXFileReference section */
		971EAD092F7097B1006D2662 /* Flowline_iOS.app */ = {isa = PBXFileReference; explicitFileType = wrapper.application; includeInIndex = 0; path = Flowline_iOS.app; sourceTree = BUILT_PRODUCTS_DIR; };
		971EAD172F7097B2006D2662 /* Flowline_iOSTests.xctest */ = {isa = PBXFileReference; explicitFileType = wrapper.cfbundle; includeInIndex = 0; path = Flowline_iOSTests.xctest; sourceTree = BUILT_PRODUCTS_DIR; };
		971EAD212F7097B2006D2662 /* Flowline_iOSUITests.xctest */ = {isa = PBXFileReference; explicitFileType = wrapper.cfbundle; includeInIndex = 0; path = Flowline_iOSUITests.xctest; sourceTree = BUILT_PRODUCTS_DIR; };
		9752E0122F6704A700CBF252 /* Flowline.app */ = {isa = PBXFileReference; explicitFileType = wrapper.application; includeInIndex = 0; path = Flowline.app; sourceTree = BUILT_PRODUCTS_DIR; };
		9752E0212F6704A800CBF252 /* FlowlineTests.xctest */ = {isa = PBXFileReference; explicitFileType = wrapper.cfbundle; includeInIndex = 0; path = FlowlineTests.xctest; sourceTree = BUILT_PRODUCTS_DIR; };
		9752E02B2F6704A800CBF252 /* FlowlineUITests.xctest */ = {isa = PBXFileReference; explicitFileType = wrapper.cfbundle; includeInIndex = 0; path = FlowlineUITests.xctest; sourceTree = BUILT_PRODUCTS_DIR; };
/* End PBXFileReference section */

/* Begin PBXFileSystemSynchronizedRootGroup section */
		971EAD0A2F7097B1006D2662 /* Flowline_iOS */ = {
			isa = PBXFileSystemSynchronizedRootGroup;
			path = Flowline_iOS;
			sourceTree = "<group>";
		};
		971EAD1A2F7097B2006D2662 /* Flowline_iOSTests */ = {
			isa = PBXFileSystemSynchronizedRootGroup;
			path = Flowline_iOSTests;
			sourceTree = "<group>";
		};
		971EAD242F7097B2006D2662 /* Flowline_iOSUITests */ = {
			isa = PBXFileSystemSynchronizedRootGroup;
			path = Flowline_iOSUITests;
			sourceTree = "<group>";
		};
		9752E0142F6704A700CBF252 /* Flowline */ = {
			isa = PBXFileSystemSynchronizedRootGroup;
			path = Flowline;
			sourceTree = "<group>";
		};
		9752E0242F6704A800CBF252 /* FlowlineTests */ = {
			isa = PBXFileSystemSynchronizedRootGroup;
			path = FlowlineTests;
			sourceTree = "<group>";
		};
		9752E02E2F6704A800CBF252 /* FlowlineUITests */ = {
			isa = PBXFileSystemSynchronizedRootGroup;
			path = FlowlineUITests;
			sourceTree = "<group>";
		};
/* End PBXFileSystemSynchronizedRootGroup section */

/* Begin PBXFrameworksBuildPhase section */
		971EAD062F7097B1006D2662 /* Frameworks */ = {
			isa = PBXFrameworksBuildPhase;
			buildActionMask = 2147483647;
			files = (
				971EAD322F7097B2006D2662 /* RevenueCat in Frameworks */,
				971EAD332F7097B2006D2662 /* RevenueCatUI in Frameworks */,
			);
			runOnlyForDeploymentPostprocessing = 0;
		};
		971EAD142F7097B2006D2662 /* Frameworks */ = {
			isa = PBXFrameworksBuildPhase;
			buildActionMask = 2147483647;
			files = (
			);
			runOnlyForDeploymentPostprocessing = 0;
		};
		971EAD1E2F7097B2006D2662 /* Frameworks */ = {
			isa = PBXFrameworksBuildPhase;
			buildActionMask = 2147483647;
			files = (
			);
			runOnlyForDeploymentPostprocessing = 0;
		};
		9752E00F2F6704A700CBF252 /* Frameworks */ = {
			isa = PBXFrameworksBuildPhase;
			buildActionMask = 2147483647;
			files = (
				977D71632F6CB6E90009D589 /* RevenueCatUI in Frameworks */,
				977D71612F6CB6E90009D589 /* RevenueCat in Frameworks */,
			);
			runOnlyForDeploymentPostprocessing = 0;
		};
		9752E01E2F6704A800CBF252 /* Frameworks */ = {
			isa = PBXFrameworksBuildPhase;
			buildActionMask = 2147483647;
			files = (
			);
			runOnlyForDeploymentPostprocessing = 0;
		};
		9752E0282F6704A800CBF252 /* Frameworks */ = {
			isa = PBXFrameworksBuildPhase;
			buildActionMask = 2147483647;
			files = (
			);
			runOnlyForDeploymentPostprocessing = 0;
		};
/* End PBXFrameworksBuildPhase section */

/* Begin PBXGroup section */
		9752E0092F6704A700CBF252 = {
			isa = PBXGroup;
			children = (
				9752E0142F6704A700CBF252 /* Flowline */,
				9752E0242F6704A800CBF252 /* FlowlineTests */,
				9752E02E2F6704A800CBF252 /* FlowlineUITests */,
				971EAD0A2F7097B1006D2662 /* Flowline_iOS */,
				971EAD1A2F7097B2006D2662 /* Flowline_iOSTests */,
				971EAD242F7097B2006D2662 /* Flowline_iOSUITests */,
				9752E0132F6704A700CBF252 /* Products */,
			);
			sourceTree = "<group>";
		};
		9752E0132F6704A700CBF252 /* Products */ = {
			isa = PBXGroup;
			children = (
				9752E0122F6704A700CBF252 /* Flowline.app */,
				9752E0212F6704A800CBF252 /* FlowlineTests.xctest */,
				9752E02B2F6704A800CBF252 /* FlowlineUITests.xctest */,
				971EAD092F7097B1006D2662 /* Flowline_iOS.app */,
				971EAD172F7097B2006D2662 /* Flowline_iOSTests.xctest */,
				971EAD212F7097B2006D2662 /* Flowline_iOSUITests.xctest */,
			);
			name = Products;
			sourceTree = "<group>";
		};
/* End PBXGroup section */

/* Begin PBXNativeTarget section */
		971EAD082F7097B1006D2662 /* Flowline_iOS */ = {
			isa = PBXNativeTarget;
			buildConfigurationList = 971EAD292F7097B2006D2662 /* Build configuration list for PBXNativeTarget "Flowline_iOS" */;
			buildPhases = (
				971EAD052F7097B1006D2662 /* Sources */,
				971EAD062F7097B1006D2662 /* Frameworks */,
				971EAD072F7097B1006D2662 /* Resources */,
			);
			buildRules = (
			);
			dependencies = (
			);
			fileSystemSynchronizedGroups = (
				971EAD0A2F7097B1006D2662 /* Flowline_iOS */,
				9752E0142F6704A700CBF252 /* Flowline */,
			);
			name = Flowline_iOS;
			packageProductDependencies = (
				971EAD342F7097B2006D2662 /* RevenueCat */,
				971EAD352F7097B2006D2662 /* RevenueCatUI */,
			);
			productName = Flowline_iOS;
			productReference = 971EAD092F7097B1006D2662 /* Flowline_iOS.app */;
			productType = "com.apple.product-type.application";
		};
		971EAD162F7097B2006D2662 /* Flowline_iOSTests */ = {
			isa = PBXNativeTarget;
			buildConfigurationList = 971EAD2C2F7097B2006D2662 /* Build configuration list for PBXNativeTarget "Flowline_iOSTests" */;
			buildPhases = (
				971EAD132F7097B2006D2662 /* Sources */,
				971EAD142F7097B2006D2662 /* Frameworks */,
				971EAD152F7097B2006D2662 /* Resources */,
			);
			buildRules = (
			);
			dependencies = (
				971EAD192F7097B2006D2662 /* PBXTargetDependency */,
			);
			fileSystemSynchronizedGroups = (
				971EAD1A2F7097B2006D2662 /* Flowline_iOSTests */,
			);
			name = Flowline_iOSTests;
			packageProductDependencies = (
			);
			productName = Flowline_iOSTests;
			productReference = 971EAD172F7097B2006D2662 /* Flowline_iOSTests.xctest */;
			productType = "com.apple.product-type.bundle.unit-test";
		};
		971EAD202F7097B2006D2662 /* Flowline_iOSUITests */ = {
			isa = PBXNativeTarget;
			buildConfigurationList = 971EAD2F2F7097B2006D2662 /* Build configuration list for PBXNativeTarget "Flowline_iOSUITests" */;
			buildPhases = (
				971EAD1D2F7097B2006D2662 /* Sources */,
				971EAD1E2F7097B2006D2662 /* Frameworks */,
				971EAD1F2F7097B2006D2662 /* Resources */,
			);
			buildRules = (
			);
			dependencies = (
				971EAD232F7097B2006D2662 /* PBXTargetDependency */,
			);
			fileSystemSynchronizedGroups = (
				971EAD242F7097B2006D2662 /* Flowline_iOSUITests */,
			);
			name = Flowline_iOSUITests;
			packageProductDependencies = (
			);
			productName = Flowline_iOSUITests;
			productReference = 971EAD212F7097B2006D2662 /* Flowline_iOSUITests.xctest */;
			productType = "com.apple.product-type.bundle.ui-testing";
		};
		9752E0112F6704A700CBF252 /* Flowline */ = {
			isa = PBXNativeTarget;
			buildConfigurationList = 9752E0352F6704A800CBF252 /* Build configuration list for PBXNativeTarget "Flowline" */;
			buildPhases = (
				9752E00E2F6704A700CBF252 /* Sources */,
				9752E00F2F6704A700CBF252 /* Frameworks */,
				9752E0102F6704A700CBF252 /* Resources */,
			);
			buildRules = (
			);
			dependencies = (
			);
			fileSystemSynchronizedGroups = (
				9752E0142F6704A700CBF252 /* Flowline */,
			);
			name = Flowline;
			packageProductDependencies = (
				977D71602F6CB6E90009D589 /* RevenueCat */,
				977D71622F6CB6E90009D589 /* RevenueCatUI */,
			);
			productName = Flowline;
			productReference = 9752E0122F6704A700CBF252 /* Flowline.app */;
			productType = "com.apple.product-type.application";
		};
		9752E0202F6704A800CBF252 /* FlowlineTests */ = {
			isa = PBXNativeTarget;
			buildConfigurationList = 9752E0382F6704A800CBF252 /* Build configuration list for PBXNativeTarget "FlowlineTests" */;
			buildPhases = (
				9752E01D2F6704A800CBF252 /* Sources */,
				9752E01E2F6704A800CBF252 /* Frameworks */,
				9752E01F2F6704A800CBF252 /* Resources */,
			);
			buildRules = (
			);
			dependencies = (
				9752E0232F6704A800CBF252 /* PBXTargetDependency */,
			);
			fileSystemSynchronizedGroups = (
				9752E0242F6704A800CBF252 /* FlowlineTests */,
			);
			name = FlowlineTests;
			packageProductDependencies = (
			);
			productName = FlowlineTests;
			productReference = 9752E0212F6704A800CBF252 /* FlowlineTests.xctest */;
			productType = "com.apple.product-type.bundle.unit-test";
		};
		9752E02A2F6704A800CBF252 /* FlowlineUITests */ = {
			isa = PBXNativeTarget;
			buildConfigurationList = 9752E03B2F6704A800CBF252 /* Build configuration list for PBXNativeTarget "FlowlineUITests" */;
			buildPhases = (
				9752E0272F6704A800CBF252 /* Sources */,
				9752E0282F6704A800CBF252 /* Frameworks */,
				9752E0292F6704A800CBF252 /* Resources */,
			);
			buildRules = (
			);
			dependencies = (
				9752E02D2F6704A800CBF252 /* PBXTargetDependency */,
			);
			fileSystemSynchronizedGroups = (
				9752E02E2F6704A800CBF252 /* FlowlineUITests */,
			);
			name = FlowlineUITests;
			packageProductDependencies = (
			);
			productName = FlowlineUITests;
			productReference = 9752E02B2F6704A800CBF252 /* FlowlineUITests.xctest */;
			productType = "com.apple.product-type.bundle.ui-testing";
		};
/* End PBXNativeTarget section */

/* Begin PBXProject section */
		9752E00A2F6704A700CBF252 /* Project object */ = {
			isa = PBXProject;
			attributes = {
				BuildIndependentTargetsInParallel = 1;
				LastSwiftUpdateCheck = 2630;
				LastUpgradeCheck = 2630;
				TargetAttributes = {
					971EAD082F7097B1006D2662 = {
						CreatedOnToolsVersion = 26.3;
					};
					971EAD162F7097B2006D2662 = {
						CreatedOnToolsVersion = 26.3;
						TestTargetID = 971EAD082F7097B1006D2662;
					};
					971EAD202F7097B2006D2662 = {
						CreatedOnToolsVersion = 26.3;
						TestTargetID = 971EAD082F7097B1006D2662;
					};
					9752E0112F6704A700CBF252 = {
						CreatedOnToolsVersion = 26.3;
					};
					9752E0202F6704A800CBF252 = {
						CreatedOnToolsVersion = 26.3;
						TestTargetID = 9752E0112F6704A700CBF252;
					};
					9752E02A2F6704A800CBF252 = {
						CreatedOnToolsVersion = 26.3;
						TestTargetID = 9752E0112F6704A700CBF252;
					};
				};
			};
			buildConfigurationList = 9752E00D2F6704A700CBF252 /* Build configuration list for PBXProject "Flowline" */;
			developmentRegion = en;
			hasScannedForEncodings = 0;
			knownRegions = (
				en,
				Base,
			);
			mainGroup = 9752E0092F6704A700CBF252;
			minimizedProjectReferenceProxies = 1;
			packageReferences = (
				977D715F2F6CB6E90009D589 /* XCRemoteSwiftPackageReference "purchases-ios-spm" */,
			);
			preferredProjectObjectVersion = 77;
			productRefGroup = 9752E0132F6704A700CBF252 /* Products */;
			projectDirPath = "";
			projectRoot = "";
			targets = (
				9752E0112F6704A700CBF252 /* Flowline */,
				9752E0202F6704A800CBF252 /* FlowlineTests */,
				9752E02A2F6704A800CBF252 /* FlowlineUITests */,
				971EAD082F7097B1006D2662 /* Flowline_iOS */,
				971EAD162F7097B2006D2662 /* Flowline_iOSTests */,
				971EAD202F7097B2006D2662 /* Flowline_iOSUITests */,
			);
		};
/* End PBXProject section */

/* Begin PBXResourcesBuildPhase section */
		971EAD072F7097B1006D2662 /* Resources */ = {
			isa = PBXResourcesBuildPhase;
			buildActionMask = 2147483647;
			files = (
			);
			runOnlyForDeploymentPostprocessing = 0;
		};
		971EAD152F7097B2006D2662 /* Resources */ = {
			isa = PBXResourcesBuildPhase;
			buildActionMask = 2147483647;
			files = (
			);
			runOnlyForDeploymentPostprocessing = 0;
		};
		971EAD1F2F7097B2006D2662 /* Resources */ = {
			isa = PBXResourcesBuildPhase;
			buildActionMask = 2147483647;
			files = (
			);
			runOnlyForDeploymentPostprocessing = 0;
		};
		9752E0102F6704A700CBF252 /* Resources */ = {
			isa = PBXResourcesBuildPhase;
			buildActionMask = 2147483647;
			files = (
			);
			runOnlyForDeploymentPostprocessing = 0;
		};
		9752E01F2F6704A800CBF252 /* Resources */ = {
			isa = PBXResourcesBuildPhase;
			buildActionMask = 2147483647;
			files = (
			);
			runOnlyForDeploymentPostprocessing = 0;
		};
		9752E0292F6704A800CBF252 /* Resources */ = {
			isa = PBXResourcesBuildPhase;
			buildActionMask = 2147483647;
			files = (
			);
			runOnlyForDeploymentPostprocessing = 0;
		};
/* End PBXResourcesBuildPhase section */

/* Begin PBXSourcesBuildPhase section */
		971EAD052F7097B1006D2662 /* Sources */ = {
			isa = PBXSourcesBuildPhase;
			buildActionMask = 2147483647;
			files = (
			);
			runOnlyForDeploymentPostprocessing = 0;
		};
		971EAD132F7097B2006D2662 /* Sources */ = {
			isa = PBXSourcesBuildPhase;
			buildActionMask = 2147483647;
			files = (
			);
			runOnlyForDeploymentPostprocessing = 0;
		};
		971EAD1D2F7097B2006D2662 /* Sources */ = {
			isa = PBXSourcesBuildPhase;
			buildActionMask = 2147483647;
			files = (
			);
			runOnlyForDeploymentPostprocessing = 0;
		};
		9752E00E2F6704A700CBF252 /* Sources */ = {
			isa = PBXSourcesBuildPhase;
			buildActionMask = 2147483647;
			files = (
			);
			runOnlyForDeploymentPostprocessing = 0;
		};
		9752E01D2F6704A800CBF252 /* Sources */ = {
			isa = PBXSourcesBuildPhase;
			buildActionMask = 2147483647;
			files = (
			);
			runOnlyForDeploymentPostprocessing = 0;
		};
		9752E0272F6704A800CBF252 /* Sources */ = {
			isa = PBXSourcesBuildPhase;
			buildActionMask = 2147483647;
			files = (
			);
			runOnlyForDeploymentPostprocessing = 0;
		};
/* End PBXSourcesBuildPhase section */

/* Begin PBXTargetDependency section */
		971EAD192F7097B2006D2662 /* PBXTargetDependency */ = {
			isa = PBXTargetDependency;
			target = 971EAD082F7097B1006D2662 /* Flowline_iOS */;
			targetProxy = 971EAD182F7097B2006D2662 /* PBXContainerItemProxy */;
		};
		971EAD232F7097B2006D2662 /* PBXTargetDependency */ = {
			isa = PBXTargetDependency;
			target = 971EAD082F7097B1006D2662 /* Flowline_iOS */;
			targetProxy = 971EAD222F7097B2006D2662 /* PBXContainerItemProxy */;
		};
		9752E0232F6704A800CBF252 /* PBXTargetDependency */ = {
			isa = PBXTargetDependency;
			target = 9752E0112F6704A700CBF252 /* Flowline */;
			targetProxy = 9752E0222F6704A800CBF252 /* PBXContainerItemProxy */;
		};
		9752E02D2F6704A800CBF252 /* PBXTargetDependency */ = {
			isa = PBXTargetDependency;
			target = 9752E0112F6704A700CBF252 /* Flowline */;
			targetProxy = 9752E02C2F6704A800CBF252 /* PBXContainerItemProxy */;
		};
/* End PBXTargetDependency section */

/* Begin XCBuildConfiguration section */
		971EAD2A2F7097B2006D2662 /* Debug */ = {
			isa = XCBuildConfiguration;
			buildSettings = {
				ASSETCATALOG_COMPILER_APPICON_NAME = AppIcon;
				ASSETCATALOG_COMPILER_GLOBAL_ACCENT_COLOR_NAME = AccentColor;
				CODE_SIGN_STYLE = Automatic;
				CURRENT_PROJECT_VERSION = 1;
				DEVELOPMENT_TEAM = 477VGA23K5;
				ENABLE_PREVIEWS = YES;
				GENERATE_INFOPLIST_FILE = YES;
				INFOPLIST_KEY_UIApplicationSceneManifest_Generation = YES;
				INFOPLIST_KEY_UIApplicationSupportsIndirectInputEvents = YES;
				INFOPLIST_KEY_UILaunchScreen_Generation = YES;
				INFOPLIST_KEY_UISupportedInterfaceOrientations_iPad = "UIInterfaceOrientationPortrait UIInterfaceOrientationPortraitUpsideDown UIInterfaceOrientationLandscapeLeft UIInterfaceOrientationLandscapeRight";
				INFOPLIST_KEY_UISupportedInterfaceOrientations_iPhone = "UIInterfaceOrientationPortrait UIInterfaceOrientationLandscapeLeft UIInterfaceOrientationLandscapeRight";
				IPHONEOS_DEPLOYMENT_TARGET = 26.2;
				LD_RUNPATH_SEARCH_PATHS = (
					"$(inherited)",
					"@executable_path/Frameworks",
				);
				MARKETING_VERSION = 1.0;
				PRODUCT_BUNDLE_IDENTIFIER = "dandev.Flowline-iOS";
				PRODUCT_NAME = "$(TARGET_NAME)";
				SDKROOT = iphoneos;
				STRING_CATALOG_GENERATE_SYMBOLS = YES;
				SWIFT_APPROACHABLE_CONCURRENCY = YES;
				SWIFT_DEFAULT_ACTOR_ISOLATION = MainActor;
				SWIFT_EMIT_LOC_STRINGS = YES;
				SWIFT_UPCOMING_FEATURE_MEMBER_IMPORT_VISIBILITY = YES;
				SWIFT_VERSION = 5.0;
				TARGETED_DEVICE_FAMILY = "1,2";
			};
			name = Debug;
		};
		971EAD2B2F7097B2006D2662 /* Release */ = {
			isa = XCBuildConfiguration;
			buildSettings = {
				ASSETCATALOG_COMPILER_APPICON_NAME = AppIcon;
				ASSETCATALOG_COMPILER_GLOBAL_ACCENT_COLOR_NAME = AccentColor;
				CODE_SIGN_STYLE = Automatic;
				CURRENT_PROJECT_VERSION = 1;
				DEVELOPMENT_TEAM = 477VGA23K5;
				ENABLE_PREVIEWS = YES;
				GENERATE_INFOPLIST_FILE = YES;
				INFOPLIST_KEY_UIApplicationSceneManifest_Generation = YES;
				INFOPLIST_KEY_UIApplicationSupportsIndirectInputEvents = YES;
				INFOPLIST_KEY_UILaunchScreen_Generation = YES;
				INFOPLIST_KEY_UISupportedInterfaceOrientations_iPad = "UIInterfaceOrientationPortrait UIInterfaceOrientationPortraitUpsideDown UIInterfaceOrientationLandscapeLeft UIInterfaceOrientationLandscapeRight";
				INFOPLIST_KEY_UISupportedInterfaceOrientations_iPhone = "UIInterfaceOrientationPortrait UIInterfaceOrientationLandscapeLeft UIInterfaceOrientationLandscapeRight";
				IPHONEOS_DEPLOYMENT_TARGET = 26.2;
				LD_RUNPATH_SEARCH_PATHS = (
					"$(inherited)",
					"@executable_path/Frameworks",
				);
				MARKETING_VERSION = 1.0;
				PRODUCT_BUNDLE_IDENTIFIER = "dandev.Flowline-iOS";
				PRODUCT_NAME = "$(TARGET_NAME)";
				SDKROOT = iphoneos;
				STRING_CATALOG_GENERATE_SYMBOLS = YES;
				SWIFT_APPROACHABLE_CONCURRENCY = YES;
				SWIFT_DEFAULT_ACTOR_ISOLATION = MainActor;
				SWIFT_EMIT_LOC_STRINGS = YES;
				SWIFT_UPCOMING_FEATURE_MEMBER_IMPORT_VISIBILITY = YES;
				SWIFT_VERSION = 5.0;
				TARGETED_DEVICE_FAMILY = "1,2";
				VALIDATE_PRODUCT = YES;
			};
			name = Release;
		};
		971EAD2D2F7097B2006D2662 /* Debug */ = {
			isa = XCBuildConfiguration;
			buildSettings = {
				BUNDLE_LOADER = "$(TEST_HOST)";
				CODE_SIGN_STYLE = Automatic;
				CURRENT_PROJECT_VERSION = 1;
				DEVELOPMENT_TEAM = 477VGA23K5;
				GENERATE_INFOPLIST_FILE = YES;
				IPHONEOS_DEPLOYMENT_TARGET = 26.2;
				MARKETING_VERSION = 1.0;
				PRODUCT_BUNDLE_IDENTIFIER = "dandev.Flowline-iOSTests";
				PRODUCT_NAME = "$(TARGET_NAME)";
				SDKROOT = iphoneos;
				STRING_CATALOG_GENERATE_SYMBOLS = NO;
				SWIFT_APPROACHABLE_CONCURRENCY = YES;
				SWIFT_EMIT_LOC_STRINGS = NO;
				SWIFT_UPCOMING_FEATURE_MEMBER_IMPORT_VISIBILITY = YES;
				SWIFT_VERSION = 5.0;
				TARGETED_DEVICE_FAMILY = "1,2";
				TEST_HOST = "$(BUILT_PRODUCTS_DIR)/Flowline_iOS.app/$(BUNDLE_EXECUTABLE_FOLDER_PATH)/Flowline_iOS";
			};
			name = Debug;
		};
		971EAD2E2F7097B2006D2662 /* Release */ = {
			isa = XCBuildConfiguration;
			buildSettings = {
				BUNDLE_LOADER = "$(TEST_HOST)";
				CODE_SIGN_STYLE = Automatic;
				CURRENT_PROJECT_VERSION = 1;
				DEVELOPMENT_TEAM = 477VGA23K5;
				GENERATE_INFOPLIST_FILE = YES;
				IPHONEOS_DEPLOYMENT_TARGET = 26.2;
				MARKETING_VERSION = 1.0;
				PRODUCT_BUNDLE_IDENTIFIER = "dandev.Flowline-iOSTests";
				PRODUCT_NAME = "$(TARGET_NAME)";
				SDKROOT = iphoneos;
				STRING_CATALOG_GENERATE_SYMBOLS = NO;
				SWIFT_APPROACHABLE_CONCURRENCY = YES;
				SWIFT_EMIT_LOC_STRINGS = NO;
				SWIFT_UPCOMING_FEATURE_MEMBER_IMPORT_VISIBILITY = YES;
				SWIFT_VERSION = 5.0;
				TARGETED_DEVICE_FAMILY = "1,2";
				TEST_HOST = "$(BUILT_PRODUCTS_DIR)/Flowline_iOS.app/$(BUNDLE_EXECUTABLE_FOLDER_PATH)/Flowline_iOS";
				VALIDATE_PRODUCT = YES;
			};
			name = Release;
		};
		971EAD302F7097B2006D2662 /* Debug */ = {
			isa = XCBuildConfiguration;
			buildSettings = {
				CODE_SIGN_STYLE = Automatic;
				CURRENT_PROJECT_VERSION = 1;
				DEVELOPMENT_TEAM = 477VGA23K5;
				ENABLE_APP_SANDBOX = YES;
				ENABLE_HARDENED_RUNTIME = YES;
				ENABLE_OUTGOING_NETWORK_CONNECTIONS = YES;
				GENERATE_INFOPLIST_FILE = YES;
				IPHONEOS_DEPLOYMENT_TARGET = 26.2;
				MARKETING_VERSION = 1.0;
				PRODUCT_BUNDLE_IDENTIFIER = "dandev.Flowline-iOSUITests";
				PRODUCT_NAME = "$(TARGET_NAME)";
				REGISTER_APP_GROUPS = YES;
				SDKROOT = iphoneos;
				STRING_CATALOG_GENERATE_SYMBOLS = NO;
				SUPPORTED_PLATFORMS = "iphoneos iphonesimulator macosx";
				SUPPORTS_MACCATALYST = NO;
				SUPPORTS_MAC_DESIGNED_FOR_IPHONE_IPAD = NO;
				SUPPORTS_XR_DESIGNED_FOR_IPHONE_IPAD = NO;
				SWIFT_APPROACHABLE_CONCURRENCY = YES;
				SWIFT_EMIT_LOC_STRINGS = NO;
				SWIFT_UPCOMING_FEATURE_MEMBER_IMPORT_VISIBILITY = YES;
				SWIFT_VERSION = 5.0;
				TARGETED_DEVICE_FAMILY = 1;
				TEST_TARGET_NAME = Flowline_iOS;
			};
			name = Debug;
		};
		971EAD312F7097B2006D2662 /* Release */ = {
			isa = XCBuildConfiguration;
			buildSettings = {
				CODE_SIGN_STYLE = Automatic;
				CURRENT_PROJECT_VERSION = 1;
				DEVELOPMENT_TEAM = 477VGA23K5;
				GENERATE_INFOPLIST_FILE = YES;
				IPHONEOS_DEPLOYMENT_TARGET = 26.2;
				MARKETING_VERSION = 1.0;
				PRODUCT_BUNDLE_IDENTIFIER = "dandev.Flowline-iOSUITests";
				PRODUCT_NAME = "$(TARGET_NAME)";
				SDKROOT = iphoneos;
				STRING_CATALOG_GENERATE_SYMBOLS = NO;
				SUPPORTED_PLATFORMS = "iphoneos iphonesimulator macosx";
				SUPPORTS_MACCATALYST = NO;
				SUPPORTS_MAC_DESIGNED_FOR_IPHONE_IPAD = NO;
				SUPPORTS_XR_DESIGNED_FOR_IPHONE_IPAD = NO;
				SWIFT_APPROACHABLE_CONCURRENCY = YES;
				SWIFT_EMIT_LOC_STRINGS = NO;
				SWIFT_UPCOMING_FEATURE_MEMBER_IMPORT_VISIBILITY = YES;
				SWIFT_VERSION = 5.0;
				TARGETED_DEVICE_FAMILY = 1;
				TEST_TARGET_NAME = Flowline_iOS;
				VALIDATE_PRODUCT = YES;
			};
			name = Release;
		};
		9752E0332F6704A800CBF252 /* Debug */ = {
			isa = XCBuildConfiguration;
			buildSettings = {
				ALWAYS_SEARCH_USER_PATHS = NO;
				ASSETCATALOG_COMPILER_GENERATE_SWIFT_ASSET_SYMBOL_EXTENSIONS = YES;
				CLANG_ANALYZER_NONNULL = YES;
				CLANG_ANALYZER_NUMBER_OBJECT_CONVERSION = YES_AGGRESSIVE;
				CLANG_CXX_LANGUAGE_STANDARD = "gnu++20";
				CLANG_ENABLE_MODULES = YES;
				CLANG_ENABLE_OBJC_ARC = YES;
				CLANG_ENABLE_OBJC_WEAK = YES;
				CLANG_WARN_BLOCK_CAPTURE_AUTORELEASING = YES;
				CLANG_WARN_BOOL_CONVERSION = YES;
				CLANG_WARN_COMMA = YES;
				CLANG_WARN_CONSTANT_CONVERSION = YES;
				CLANG_WARN_DEPRECATED_OBJC_IMPLEMENTATIONS = YES;
				CLANG_WARN_DIRECT_OBJC_ISA_USAGE = YES_ERROR;
				CLANG_WARN_DOCUMENTATION_COMMENTS = YES;
				CLANG_WARN_EMPTY_BODY = YES;
				CLANG_WARN_ENUM_CONVERSION = YES;
				CLANG_WARN_INFINITE_RECURSION = YES;
				CLANG_WARN_INT_CONVERSION = YES;
				CLANG_WARN_NON_LITERAL_NULL_CONVERSION = YES;
				CLANG_WARN_OBJC_IMPLICIT_RETAIN_SELF = YES;
				CLANG_WARN_OBJC_LITERAL_CONVERSION = YES;
				CLANG_WARN_OBJC_ROOT_CLASS = YES_ERROR;
				CLANG_WARN_QUOTED_INCLUDE_IN_FRAMEWORK_HEADER = YES;
				CLANG_WARN_RANGE_LOOP_ANALYSIS = YES;
				CLANG_WARN_STRICT_PROTOTYPES = YES;
				CLANG_WARN_SUSPICIOUS_MOVE = YES;
				CLANG_WARN_UNGUARDED_AVAILABILITY = YES_AGGRESSIVE;
				CLANG_WARN_UNREACHABLE_CODE = YES;
				CLANG_WARN__DUPLICATE_METHOD_MATCH = YES;
				COPY_PHASE_STRIP = NO;
				DEBUG_INFORMATION_FORMAT = dwarf;
				DEVELOPMENT_TEAM = 477VGA23K5;
				ENABLE_STRICT_OBJC_MSGSEND = YES;
				ENABLE_TESTABILITY = YES;
				ENABLE_USER_SCRIPT_SANDBOXING = YES;
				GCC_C_LANGUAGE_STANDARD = gnu17;
				GCC_DYNAMIC_NO_PIC = NO;
				GCC_NO_COMMON_BLOCKS = YES;
				GCC_OPTIMIZATION_LEVEL = 0;
				GCC_PREPROCESSOR_DEFINITIONS = (
					"DEBUG=1",
					"$(inherited)",
				);
				GCC_WARN_64_TO_32_BIT_CONVERSION = YES;
				GCC_WARN_ABOUT_RETURN_TYPE = YES_ERROR;
				GCC_WARN_UNDECLARED_SELECTOR = YES;
				GCC_WARN_UNINITIALIZED_AUTOS = YES_AGGRESSIVE;
				GCC_WARN_UNUSED_FUNCTION = YES;
				GCC_WARN_UNUSED_VARIABLE = YES;
				LOCALIZATION_PREFERS_STRING_CATALOGS = YES;
				MTL_ENABLE_DEBUG_INFO = INCLUDE_SOURCE;
				MTL_FAST_MATH = YES;
				ONLY_ACTIVE_ARCH = YES;
				SWIFT_ACTIVE_COMPILATION_CONDITIONS = "DEBUG $(inherited)";
				SWIFT_OPTIMIZATION_LEVEL = "-Onone";
			};
			name = Debug;
		};
		9752E0342F6704A800CBF252 /* Release */ = {
			isa = XCBuildConfiguration;
			buildSettings = {
				ALWAYS_SEARCH_USER_PATHS = NO;
				ASSETCATALOG_COMPILER_GENERATE_SWIFT_ASSET_SYMBOL_EXTENSIONS = YES;
				CLANG_ANALYZER_NONNULL = YES;
				CLANG_ANALYZER_NUMBER_OBJECT_CONVERSION = YES_AGGRESSIVE;
				CLANG_CXX_LANGUAGE_STANDARD = "gnu++20";
				CLANG_ENABLE_MODULES = YES;
				CLANG_ENABLE_OBJC_ARC = YES;
				CLANG_ENABLE_OBJC_WEAK = YES;
				CLANG_WARN_BLOCK_CAPTURE_AUTORELEASING = YES;
				CLANG_WARN_BOOL_CONVERSION = YES;
				CLANG_WARN_COMMA = YES;
				CLANG_WARN_CONSTANT_CONVERSION = YES;
				CLANG_WARN_DEPRECATED_OBJC_IMPLEMENTATIONS = YES;
				CLANG_WARN_DIRECT_OBJC_ISA_USAGE = YES_ERROR;
				CLANG_WARN_DOCUMENTATION_COMMENTS = YES;
				CLANG_WARN_EMPTY_BODY = YES;
				CLANG_WARN_ENUM_CONVERSION = YES;
				CLANG_WARN_INFINITE_RECURSION = YES;
				CLANG_WARN_INT_CONVERSION = YES;
				CLANG_WARN_NON_LITERAL_NULL_CONVERSION = YES;
				CLANG_WARN_OBJC_IMPLICIT_RETAIN_SELF = YES;
				CLANG_WARN_OBJC_LITERAL_CONVERSION = YES;
				CLANG_WARN_OBJC_ROOT_CLASS = YES_ERROR;
				CLANG_WARN_QUOTED_INCLUDE_IN_FRAMEWORK_HEADER = YES;
				CLANG_WARN_RANGE_LOOP_ANALYSIS = YES;
				CLANG_WARN_STRICT_PROTOTYPES = YES;
				CLANG_WARN_SUSPICIOUS_MOVE = YES;
				CLANG_WARN_UNGUARDED_AVAILABILITY = YES_AGGRESSIVE;
				CLANG_WARN_UNREACHABLE_CODE = YES;
				CLANG_WARN__DUPLICATE_METHOD_MATCH = YES;
				COPY_PHASE_STRIP = NO;
				DEBUG_INFORMATION_FORMAT = "dwarf-with-dsym";
				DEVELOPMENT_TEAM = 477VGA23K5;
				ENABLE_NS_ASSERTIONS = NO;
				ENABLE_STRICT_OBJC_MSGSEND = YES;
				ENABLE_USER_SCRIPT_SANDBOXING = YES;
				GCC_C_LANGUAGE_STANDARD = gnu17;
				GCC_NO_COMMON_BLOCKS = YES;
				GCC_WARN_64_TO_32_BIT_CONVERSION = YES;
				GCC_WARN_ABOUT_RETURN_TYPE = YES_ERROR;
				GCC_WARN_UNDECLARED_SELECTOR = YES;
				GCC_WARN_UNINITIALIZED_AUTOS = YES_AGGRESSIVE;
				GCC_WARN_UNUSED_FUNCTION = YES;
				GCC_WARN_UNUSED_VARIABLE = YES;
				LOCALIZATION_PREFERS_STRING_CATALOGS = YES;
				MTL_ENABLE_DEBUG_INFO = NO;
				MTL_FAST_MATH = YES;
				SWIFT_COMPILATION_MODE = wholemodule;
			};
			name = Release;
		};
		9752E0362F6704A800CBF252 /* Debug */ = {
			isa = XCBuildConfiguration;
			buildSettings = {
				ASSETCATALOG_COMPILER_APPICON_NAME = AppIcon1;
				ASSETCATALOG_COMPILER_GLOBAL_ACCENT_COLOR_NAME = AccentColor;
				ASSETCATALOG_COMPILER_INCLUDE_ALL_APPICON_ASSETS = YES;
				"CODE_SIGN_IDENTITY[sdk=macosx*]" = "Apple Development";
				CODE_SIGN_STYLE = Automatic;
				CURRENT_PROJECT_VERSION = 1;
				DEVELOPMENT_TEAM = 477VGA23K5;
				ENABLE_APP_SANDBOX = YES;
				ENABLE_HARDENED_RUNTIME = YES;
				ENABLE_INCOMING_NETWORK_CONNECTIONS = NO;
				ENABLE_OUTGOING_NETWORK_CONNECTIONS = YES;
				ENABLE_PREVIEWS = YES;
				ENABLE_RESOURCE_ACCESS_AUDIO_INPUT = NO;
				ENABLE_RESOURCE_ACCESS_BLUETOOTH = NO;
				ENABLE_RESOURCE_ACCESS_CALENDARS = YES;
				ENABLE_RESOURCE_ACCESS_CAMERA = NO;
				ENABLE_RESOURCE_ACCESS_CONTACTS = NO;
				ENABLE_RESOURCE_ACCESS_LOCATION = NO;
				ENABLE_RESOURCE_ACCESS_PRINTING = NO;
				ENABLE_RESOURCE_ACCESS_USB = NO;
				ENABLE_USER_SELECTED_FILES = readonly;
				GENERATE_INFOPLIST_FILE = YES;
				INFOPLIST_KEY_LSApplicationCategoryType = "public.app-category.productivity";
				INFOPLIST_KEY_NSCalendarsFullAccessUsageDescription = "Flowline reads your Apple Calendar events so AI can plan around your existing schedule.";
				"INFOPLIST_KEY_UIApplicationSceneManifest_Generation[sdk=iphoneos*]" = YES;
				"INFOPLIST_KEY_UIApplicationSceneManifest_Generation[sdk=iphonesimulator*]" = YES;
				"INFOPLIST_KEY_UIApplicationSupportsIndirectInputEvents[sdk=iphoneos*]" = YES;
				"INFOPLIST_KEY_UIApplicationSupportsIndirectInputEvents[sdk=iphonesimulator*]" = YES;
				"INFOPLIST_KEY_UILaunchScreen_Generation[sdk=iphoneos*]" = YES;
				"INFOPLIST_KEY_UILaunchScreen_Generation[sdk=iphonesimulator*]" = YES;
				"INFOPLIST_KEY_UIStatusBarStyle[sdk=iphoneos*]" = UIStatusBarStyleDefault;
				"INFOPLIST_KEY_UIStatusBarStyle[sdk=iphonesimulator*]" = UIStatusBarStyleDefault;
				INFOPLIST_KEY_UISupportedInterfaceOrientations_iPad = "UIInterfaceOrientationPortrait UIInterfaceOrientationPortraitUpsideDown UIInterfaceOrientationLandscapeLeft UIInterfaceOrientationLandscapeRight";
				INFOPLIST_KEY_UISupportedInterfaceOrientations_iPhone = "UIInterfaceOrientationPortrait UIInterfaceOrientationLandscapeLeft UIInterfaceOrientationLandscapeRight";
				IPHONEOS_DEPLOYMENT_TARGET = 26.2;
				LD_RUNPATH_SEARCH_PATHS = "@executable_path/Frameworks";
				"LD_RUNPATH_SEARCH_PATHS[sdk=macosx*]" = "@executable_path/../Frameworks";
				MACOSX_DEPLOYMENT_TARGET = 14.6;
				MARKETING_VERSION = 1.0;
				PRODUCT_BUNDLE_IDENTIFIER = dandev.Flowline;
				PRODUCT_NAME = "$(TARGET_NAME)";
				REGISTER_APP_GROUPS = YES;
				SDKROOT = auto;
				STRING_CATALOG_GENERATE_SYMBOLS = YES;
				SUPPORTED_PLATFORMS = "iphoneos iphonesimulator macosx";
				SUPPORTS_MACCATALYST = NO;
				SWIFT_APPROACHABLE_CONCURRENCY = YES;
				SWIFT_DEFAULT_ACTOR_ISOLATION = MainActor;
				SWIFT_EMIT_LOC_STRINGS = YES;
				SWIFT_UPCOMING_FEATURE_MEMBER_IMPORT_VISIBILITY = YES;
				SWIFT_VERSION = 5.0;
				TARGETED_DEVICE_FAMILY = 1;
				XROS_DEPLOYMENT_TARGET = 26.2;
			};
			name = Debug;
		};
		9752E0372F6704A800CBF252 /* Release */ = {
			isa = XCBuildConfiguration;
			buildSettings = {
				ASSETCATALOG_COMPILER_APPICON_NAME = AppIcon1;
				ASSETCATALOG_COMPILER_GLOBAL_ACCENT_COLOR_NAME = AccentColor;
				ASSETCATALOG_COMPILER_INCLUDE_ALL_APPICON_ASSETS = YES;
				"CODE_SIGN_IDENTITY[sdk=macosx*]" = "Apple Development";
				CODE_SIGN_STYLE = Automatic;
				CURRENT_PROJECT_VERSION = 1;
				DEVELOPMENT_TEAM = 477VGA23K5;
				ENABLE_APP_SANDBOX = YES;
				ENABLE_HARDENED_RUNTIME = YES;
				ENABLE_INCOMING_NETWORK_CONNECTIONS = NO;
				ENABLE_OUTGOING_NETWORK_CONNECTIONS = YES;
				ENABLE_PREVIEWS = YES;
				ENABLE_RESOURCE_ACCESS_AUDIO_INPUT = NO;
				ENABLE_RESOURCE_ACCESS_BLUETOOTH = NO;
				ENABLE_RESOURCE_ACCESS_CALENDARS = YES;
				ENABLE_RESOURCE_ACCESS_CAMERA = NO;
				ENABLE_RESOURCE_ACCESS_CONTACTS = NO;
				ENABLE_RESOURCE_ACCESS_LOCATION = NO;
				ENABLE_RESOURCE_ACCESS_PRINTING = NO;
				ENABLE_RESOURCE_ACCESS_USB = NO;
				ENABLE_USER_SELECTED_FILES = readonly;
				GENERATE_INFOPLIST_FILE = YES;
				INFOPLIST_KEY_LSApplicationCategoryType = "public.app-category.productivity";
				INFOPLIST_KEY_NSCalendarsFullAccessUsageDescription = "Flowline reads your Apple Calendar events so AI can plan around your existing schedule.";
				"INFOPLIST_KEY_UIApplicationSceneManifest_Generation[sdk=iphoneos*]" = YES;
				"INFOPLIST_KEY_UIApplicationSceneManifest_Generation[sdk=iphonesimulator*]" = YES;
				"INFOPLIST_KEY_UIApplicationSupportsIndirectInputEvents[sdk=iphoneos*]" = YES;
				"INFOPLIST_KEY_UIApplicationSupportsIndirectInputEvents[sdk=iphonesimulator*]" = YES;
				"INFOPLIST_KEY_UILaunchScreen_Generation[sdk=iphoneos*]" = YES;
				"INFOPLIST_KEY_UILaunchScreen_Generation[sdk=iphonesimulator*]" = YES;
				"INFOPLIST_KEY_UIStatusBarStyle[sdk=iphoneos*]" = UIStatusBarStyleDefault;
				"INFOPLIST_KEY_UIStatusBarStyle[sdk=iphonesimulator*]" = UIStatusBarStyleDefault;
				INFOPLIST_KEY_UISupportedInterfaceOrientations_iPad = "UIInterfaceOrientationPortrait UIInterfaceOrientationPortraitUpsideDown UIInterfaceOrientationLandscapeLeft UIInterfaceOrientationLandscapeRight";
				INFOPLIST_KEY_UISupportedInterfaceOrientations_iPhone = "UIInterfaceOrientationPortrait UIInterfaceOrientationLandscapeLeft UIInterfaceOrientationLandscapeRight";
				IPHONEOS_DEPLOYMENT_TARGET = 26.2;
				LD_RUNPATH_SEARCH_PATHS = "@executable_path/Frameworks";
				"LD_RUNPATH_SEARCH_PATHS[sdk=macosx*]" = "@executable_path/../Frameworks";
				MACOSX_DEPLOYMENT_TARGET = 14.6;
				MARKETING_VERSION = 1.0;
				PRODUCT_BUNDLE_IDENTIFIER = dandev.Flowline;
				PRODUCT_NAME = "$(TARGET_NAME)";
				REGISTER_APP_GROUPS = YES;
				SDKROOT = auto;
				STRING_CATALOG_GENERATE_SYMBOLS = YES;
				SUPPORTED_PLATFORMS = "iphoneos iphonesimulator macosx";
				SUPPORTS_MACCATALYST = NO;
				SWIFT_APPROACHABLE_CONCURRENCY = YES;
				SWIFT_DEFAULT_ACTOR_ISOLATION = MainActor;
				SWIFT_EMIT_LOC_STRINGS = YES;
				SWIFT_UPCOMING_FEATURE_MEMBER_IMPORT_VISIBILITY = YES;
				SWIFT_VERSION = 5.0;
				TARGETED_DEVICE_FAMILY = 1;
				XROS_DEPLOYMENT_TARGET = 26.2;
			};
			name = Release;
		};
		9752E0392F6704A800CBF252 /* Debug */ = {
			isa = XCBuildConfiguration;
			buildSettings = {
				BUNDLE_LOADER = "$(TEST_HOST)";
				CODE_SIGN_STYLE = Automatic;
				CURRENT_PROJECT_VERSION = 1;
				DEVELOPMENT_TEAM = 477VGA23K5;
				GENERATE_INFOPLIST_FILE = YES;
				IPHONEOS_DEPLOYMENT_TARGET = 26.2;
				MACOSX_DEPLOYMENT_TARGET = 26.2;
				MARKETING_VERSION = 1.0;
				PRODUCT_BUNDLE_IDENTIFIER = dandev.FlowlineTests;
				PRODUCT_NAME = "$(TARGET_NAME)";
				SDKROOT = auto;
				STRING_CATALOG_GENERATE_SYMBOLS = NO;
				SUPPORTED_PLATFORMS = "iphoneos iphonesimulator macosx xros xrsimulator";
				SWIFT_APPROACHABLE_CONCURRENCY = YES;
				SWIFT_EMIT_LOC_STRINGS = NO;
				SWIFT_UPCOMING_FEATURE_MEMBER_IMPORT_VISIBILITY = YES;
				SWIFT_VERSION = 5.0;
				TARGETED_DEVICE_FAMILY = "1,2,7";
				TEST_HOST = "$(BUILT_PRODUCTS_DIR)/Flowline.app/$(BUNDLE_EXECUTABLE_FOLDER_PATH)/Flowline";
				XROS_DEPLOYMENT_TARGET = 26.2;
			};
			name = Debug;
		};
		9752E03A2F6704A800CBF252 /* Release */ = {
			isa = XCBuildConfiguration;
			buildSettings = {
				BUNDLE_LOADER = "$(TEST_HOST)";
				CODE_SIGN_STYLE = Automatic;
				CURRENT_PROJECT_VERSION = 1;
				DEVELOPMENT_TEAM = 477VGA23K5;
				GENERATE_INFOPLIST_FILE = YES;
				IPHONEOS_DEPLOYMENT_TARGET = 26.2;
				MACOSX_DEPLOYMENT_TARGET = 26.2;
				MARKETING_VERSION = 1.0;
				PRODUCT_BUNDLE_IDENTIFIER = dandev.FlowlineTests;
				PRODUCT_NAME = "$(TARGET_NAME)";
				SDKROOT = auto;
				STRING_CATALOG_GENERATE_SYMBOLS = NO;
				SUPPORTED_PLATFORMS = "iphoneos iphonesimulator macosx xros xrsimulator";
				SWIFT_APPROACHABLE_CONCURRENCY = YES;
				SWIFT_EMIT_LOC_STRINGS = NO;
				SWIFT_UPCOMING_FEATURE_MEMBER_IMPORT_VISIBILITY = YES;
				SWIFT_VERSION = 5.0;
				TARGETED_DEVICE_FAMILY = "1,2,7";
				TEST_HOST = "$(BUILT_PRODUCTS_DIR)/Flowline.app/$(BUNDLE_EXECUTABLE_FOLDER_PATH)/Flowline";
				XROS_DEPLOYMENT_TARGET = 26.2;
			};
			name = Release;
		};
		9752E03C2F6704A800CBF252 /* Debug */ = {
			isa = XCBuildConfiguration;
			buildSettings = {
				CODE_SIGN_STYLE = Automatic;
				CURRENT_PROJECT_VERSION = 1;
				DEVELOPMENT_TEAM = 477VGA23K5;
				GENERATE_INFOPLIST_FILE = YES;
				IPHONEOS_DEPLOYMENT_TARGET = 26.2;
				MACOSX_DEPLOYMENT_TARGET = 26.2;
				MARKETING_VERSION = 1.0;
				PRODUCT_BUNDLE_IDENTIFIER = dandev.FlowlineUITests;
				PRODUCT_NAME = "$(TARGET_NAME)";
				SDKROOT = auto;
				STRING_CATALOG_GENERATE_SYMBOLS = NO;
				SUPPORTED_PLATFORMS = "iphoneos iphonesimulator macosx xros xrsimulator";
				SWIFT_APPROACHABLE_CONCURRENCY = YES;
				SWIFT_EMIT_LOC_STRINGS = NO;
				SWIFT_UPCOMING_FEATURE_MEMBER_IMPORT_VISIBILITY = YES;
				SWIFT_VERSION = 5.0;
				TARGETED_DEVICE_FAMILY = "1,2,7";
				TEST_TARGET_NAME = Flowline;
				XROS_DEPLOYMENT_TARGET = 26.2;
			};
			name = Debug;
		};
		9752E03D2F6704A800CBF252 /* Release */ = {
			isa = XCBuildConfiguration;
			buildSettings = {
				CODE_SIGN_STYLE = Automatic;
				CURRENT_PROJECT_VERSION = 1;
				DEVELOPMENT_TEAM = 477VGA23K5;
				GENERATE_INFOPLIST_FILE = YES;
				IPHONEOS_DEPLOYMENT_TARGET = 26.2;
				MACOSX_DEPLOYMENT_TARGET = 26.2;
				MARKETING_VERSION = 1.0;
				PRODUCT_BUNDLE_IDENTIFIER = dandev.FlowlineUITests;
				PRODUCT_NAME = "$(TARGET_NAME)";
				SDKROOT = auto;
				STRING_CATALOG_GENERATE_SYMBOLS = NO;
				SUPPORTED_PLATFORMS = "iphoneos iphonesimulator macosx xros xrsimulator";
				SWIFT_APPROACHABLE_CONCURRENCY = YES;
				SWIFT_EMIT_LOC_STRINGS = NO;
				SWIFT_UPCOMING_FEATURE_MEMBER_IMPORT_VISIBILITY = YES;
				SWIFT_VERSION = 5.0;
				TARGETED_DEVICE_FAMILY = "1,2,7";
				TEST_TARGET_NAME = Flowline;
				XROS_DEPLOYMENT_TARGET = 26.2;
			};
			name = Release;
		};
/* End XCBuildConfiguration section */

/* Begin XCConfigurationList section */
		971EAD292F7097B2006D2662 /* Build configuration list for PBXNativeTarget "Flowline_iOS" */ = {
			isa = XCConfigurationList;
			buildConfigurations = (
				971EAD2A2F7097B2006D2662 /* Debug */,
				971EAD2B2F7097B2006D2662 /* Release */,
			);
			defaultConfigurationIsVisible = 0;
			defaultConfigurationName = Release;
		};
		971EAD2C2F7097B2006D2662 /* Build configuration list for PBXNativeTarget "Flowline_iOSTests" */ = {
			isa = XCConfigurationList;
			buildConfigurations = (
				971EAD2D2F7097B2006D2662 /* Debug */,
				971EAD2E2F7097B2006D2662 /* Release */,
			);
			defaultConfigurationIsVisible = 0;
			defaultConfigurationName = Release;
		};
		971EAD2F2F7097B2006D2662 /* Build configuration list for PBXNativeTarget "Flowline_iOSUITests" */ = {
			isa = XCConfigurationList;
			buildConfigurations = (
				971EAD302F7097B2006D2662 /* Debug */,
				971EAD312F7097B2006D2662 /* Release */,
			);
			defaultConfigurationIsVisible = 0;
			defaultConfigurationName = Release;
		};
		9752E00D2F6704A700CBF252 /* Build configuration list for PBXProject "Flowline" */ = {
			isa = XCConfigurationList;
			buildConfigurations = (
				9752E0332F6704A800CBF252 /* Debug */,
				9752E0342F6704A800CBF252 /* Release */,
			);
			defaultConfigurationIsVisible = 0;
			defaultConfigurationName = Release;
		};
		9752E0352F6704A800CBF252 /* Build configuration list for PBXNativeTarget "Flowline" */ = {
			isa = XCConfigurationList;
			buildConfigurations = (
				9752E0362F6704A800CBF252 /* Debug */,
				9752E0372F6704A800CBF252 /* Release */,
			);
			defaultConfigurationIsVisible = 0;
			defaultConfigurationName = Release;
		};
		9752E0382F6704A800CBF252 /* Build configuration list for PBXNativeTarget "FlowlineTests" */ = {
			isa = XCConfigurationList;
			buildConfigurations = (
				9752E0392F6704A800CBF252 /* Debug */,
				9752E03A2F6704A800CBF252 /* Release */,
			);
			defaultConfigurationIsVisible = 0;
			defaultConfigurationName = Release;
		};
		9752E03B2F6704A800CBF252 /* Build configuration list for PBXNativeTarget "FlowlineUITests" */ = {
			isa = XCConfigurationList;
			buildConfigurations = (
				9752E03C2F6704A800CBF252 /* Debug */,
				9752E03D2F6704A800CBF252 /* Release */,
			);
			defaultConfigurationIsVisible = 0;
			defaultConfigurationName = Release;
		};
/* End XCConfigurationList section */

/* Begin XCRemoteSwiftPackageReference section */
		977D715F2F6CB6E90009D589 /* XCRemoteSwiftPackageReference "purchases-ios-spm" */ = {
			isa = XCRemoteSwiftPackageReference;
			repositoryURL = "https://github.com/RevenueCat/purchases-ios-spm.git";
			requirement = {
				kind = upToNextMajorVersion;
				minimumVersion = 5.66.0;
			};
		};
/* End XCRemoteSwiftPackageReference section */

/* Begin XCSwiftPackageProductDependency section */
		971EAD342F7097B2006D2662 /* RevenueCat */ = {
			isa = XCSwiftPackageProductDependency;
			package = 977D715F2F6CB6E90009D589 /* XCRemoteSwiftPackageReference "purchases-ios-spm" */;
			productName = RevenueCat;
		};
		971EAD352F7097B2006D2662 /* RevenueCatUI */ = {
			isa = XCSwiftPackageProductDependency;
			package = 977D715F2F6CB6E90009D589 /* XCRemoteSwiftPackageReference "purchases-ios-spm" */;
			productName = RevenueCatUI;
		};
		977D71602F6CB6E90009D589 /* RevenueCat */ = {
			isa = XCSwiftPackageProductDependency;
			package = 977D715F2F6CB6E90009D589 /* XCRemoteSwiftPackageReference "purchases-ios-spm" */;
			productName = RevenueCat;
		};
		977D71622F6CB6E90009D589 /* RevenueCatUI */ = {
			isa = XCSwiftPackageProductDependency;
			package = 977D715F2F6CB6E90009D589 /* XCRemoteSwiftPackageReference "purchases-ios-spm" */;
			productName = RevenueCatUI;
		};
/* End XCSwiftPackageProductDependency section */
	};
	rootObject = 9752E00A2F6704A700CBF252 /* Project object */;
}
